
Microsoft Visual Studio Solution File, Format Version 12.00
# Visual Studio Version 16
VisualStudioVersion = 16.0.33927.289
MinimumVisualStudioVersion = 10.0.40219.1
Project("{2150E333-8FDC-42A3-9474-1A3956D46DE8}") = "Task0", "Task0", "{474EB65E-4F27-45F2-AB96-C46CD54CA4B2}"
EndProject
Project("{FAE04EC0-301F-11D3-BF4B-00C04F79EFBC}") = "Tyuiu.KozhevnikovDG.Sprint6.Task0.V1.Lib", "Tyuiu.KozhevnikovDG.Sprint6.Task0.V1.Lib\Tyuiu.KozhevnikovDG.Sprint6.Task0.V1.Lib.csproj", "{3EE50E2C-5465-4DDD-B4D2-5DDCB2130A7E}"
EndProject
Project("{FAE04EC0-301F-11D3-BF4B-00C04F79EFBC}") = "Tyuiu.KozhevnikovDG.Sprint6.Task0.V1.Test", "Tyuiu.KozhevnikovDG.Sprint6.Task0.V1.Test\Tyuiu.KozhevnikovDG.Sprint6.Task0.V1.Test.csproj", "{78A97855-A240-42F6-9CF8-EF19218FDDAC}"
EndProject
Project("{FAE04EC0-301F-11D3-BF4B-00C04F79EFBC}") = "Tyuiu.KozhevnikovDG.Sprint6.Task0.V1", "Tyuiu.KozhevnikovDG.Sprint6.Task0.V1\Tyuiu.KozhevnikovDG.Sprint6.Task0.V1.csproj", "{12B8CE83-A645-4B17-83F9-8B4E4494ACE3}"
EndProject
Project("{2150E333-8FDC-42A3-9474-1A3956D46DE8}") = "Task1", "Task1", "{81F3D26C-971B-413A-BD98-D2634929FEC0}"
EndProject
Project("{FAE04EC0-301F-11D3-BF4B-00C04F79EFBC}") = "Tyuiu.KozhevnikovDG.Sprint6.Task1.V27.Lib", "Tyuiu.KozhevnikovDG.Sprint6.Task1.V27.Lib\Tyuiu.KozhevnikovDG.Sprint6.Task1.V27.Lib.csproj", "{0542A2AE-EC1B-44F1-8608-037A87AB5EA6}"
EndProject
Project("{FAE04EC0-301F-11D3-BF4B-00C04F79EFBC}") = "Tyuiu.KozhevnikovDG.Sprint6.Task1.V27.Test", "Tyuiu.KozhevnikovDG.Sprint6.Task1.V27.Test\Tyuiu.KozhevnikovDG.Sprint6.Task1.V27.Test.csproj", "{F68BD5E2-17E0-4CE1-9F94-1C5D0FED7314}"
EndProject
Project("{FAE04EC0-301F-11D3-BF4B-00C04F79EFBC}") = "Tyuiu.KozhevnikovDG.Sprint6.Task1.V27", "Tyuiu.KozhevnikovDG.Sprint6.Task1.V27\Tyuiu.KozhevnikovDG.Sprint6.Task1.V27.csproj", "{0E8A3C2C-A2B4-4037-B67A-AF4BE23588A7}"
EndProject
Project("{2150E333-8FDC-42A3-9474-1A3956D46DE8}") = "Task2", "Task2", "{76A95206-E4C6-449C-8285-7CEC5514AF74}"
EndProject
Project("{FAE04EC0-301F-11D3-BF4B-00C04F79EFBC}") = "Tyuiu.KozhevnikovDG.Sprint6.Task2.V23.Lib", "Tyuiu.KozhevnikovDG.Sprint6.Task2.V23.Lib\Tyuiu.KozhevnikovDG.Sprint6.Task2.V23.Lib.csproj", "{CE1031C4-0AD3-4AAA-AF7C-83EA95D2F0F4}"
EndProject
Project("{FAE04EC0-301F-11D3-BF4B-00C04F79EFBC}") = "Tyuiu.KozhevnikovDG.Sprint6.Task2.V23.Test", "Tyuiu.KozhevnikovDG.Sprint6.Task2.V23.Test\Tyuiu.KozhevnikovDG.Sprint6.Task2.V23.Test.csproj", "{A8565A84-A500-4739-B908-A1CDD44065AB}"
EndProject
Project("{FAE04EC0-301F-11D3-BF4B-00C04F79EFBC}") = "Tyuiu.KozhevnikovDG.Sprint6.Task2.V23", "Tyuiu.KozhevnikovDG.Sprint6.Task2.V23\Tyuiu.KozhevnikovDG.Sprint6.Task2.V23.csproj", "{69683A6C-FA61-4E21-B6C2-E39212484F6B}"
EndProject
Project("{2150E333-8FDC-42A3-9474-1A3956D46DE8}") = "Task3", "Task3", "{E7E513C9-8D19-4EC9-B46C-A2346AAC9F9D}"
EndProject
Project("{FAE04EC0-301F-11D3-BF4B-00C04F79EFBC}") = "Tyuiu.KozhevnikovDG.Sprint6.Task3.V11.Lib", "Tyuiu.KozhevnikovDG.Sprint6.Task3.V11.Lib\Tyuiu.KozhevnikovDG.Sprint6.Task3.V11.Lib.csproj", "{94D98A6C-7576-4372-8A7B-043CC89BA092}"
EndProject
Project("{FAE04EC0-301F-11D3-BF4B-00C04F79EFBC}") = "Tyuiu.KozhevnikovDG.Sprint6.Task3.V11.Test", "Tyuiu.KozhevnikovDG.Sprint6.Task3.V11.Test\Tyuiu.KozhevnikovDG.Sprint6.Task3.V11.Test.csproj", "{56CCB45B-2DAE-454D-993C-D2C5DF41122B}"
EndProject
Project("{FAE04EC0-301F-11D3-BF4B-00C04F79EFBC}") = "Tyuiu.KozhevnikovDG.Sprint6.Task3.V11", "Tyuiu.KozhevnikovDG.Sprint6.Task3.V11\Tyuiu.KozhevnikovDG.Sprint6.Task3.V11.csproj", "{BDBB92F5-CF28-4D19-81F5-79CABDB97AB8}"
EndProject
Project("{2150E333-8FDC-42A3-9474-1A3956D46DE8}") = "Task4", "Task4", "{C3211C58-B27C-45C2-9051-0BBDE10B5076}"
EndProject
Project("{FAE04EC0-301F-11D3-BF4B-00C04F79EFBC}") = "Tyuiu.KozhevnikovDG.Sprint6.Task4.V20.Lib", "Tyuiu.KozhevnikovDG.Sprint6.Task4.V20.Lib\Tyuiu.KozhevnikovDG.Sprint6.Task4.V20.Lib.csproj", "{20000562-B2A6-48EE-9B14-540BE22313CE}"
EndProject
Project("{FAE04EC0-301F-11D3-BF4B-00C04F79EFBC}") = "Tyuiu.KozhevnikovDG.Sprint6.Task4.V20.Test", "Tyuiu.KozhevnikovDG.Sprint6.Task4.V20.Test\Tyuiu.KozhevnikovDG.Sprint6.Task4.V20.Test.csproj", "{5B4771A0-A587-408A-AB32-0092C73BCBB5}"
EndProject
Project("{FAE04EC0-301F-11D3-BF4B-00C04F79EFBC}") = "Tyuiu.KozhevnikovDG.Sprint6.Task4.V20", "Tyuiu.KozhevnikovDG.Sprint6.Task4.V20\Tyuiu.KozhevnikovDG.Sprint6.Task4.V20.csproj", "{2BBC46CE-9953-4AB9-995D-259A58D9C46A}"
EndProject
Project("{2150E333-8FDC-42A3-9474-1A3956D46DE8}") = "Task5", "Task5", "{6648E21C-51E6-47D6-92AD-190B568E7B65}"
EndProject
Project("{FAE04EC0-301F-11D3-BF4B-00C04F79EFBC}") = "Tyuiu.KozhevnikovDG.Sprint6.Task5.V19.Lib", "Tyuiu.KozhevnikovDG.Sprint6.Task5.V19.Lib\Tyuiu.KozhevnikovDG.Sprint6.Task5.V19.Lib.csproj", "{24EFEC06-FE4D-4D3E-83B7-B0CAA80EB03A}"
EndProject
Project("{FAE04EC0-301F-11D3-BF4B-00C04F79EFBC}") = "Tyuiu.KozhevnikovDG.Sprint6.Task5.V19.Test", "Tyuiu.KozhevnikovDG.Sprint6.Task5.V19.Test\Tyuiu.KozhevnikovDG.Sprint6.Task5.V19.Test.csproj", "{2DFE3111-08A3-4954-8B75-86B04FCF851C}"
EndProject
Project("{FAE04EC0-301F-11D3-BF4B-00C04F79EFBC}") = "Tyuiu.KozhevnikovDG.Sprint6.Task5.V19", "Tyuiu.KozhevnikovDG.Sprint6.Task5.V19\Tyuiu.KozhevnikovDG.Sprint6.Task5.V19.csproj", "{79DFBC6D-7154-4C3B-BD4A-CE46EB00C3AD}"
EndProject
Project("{2150E333-8FDC-42A3-9474-1A3956D46DE8}") = "Task6", "Task6", "{2471F486-0213-4298-8941-2B9591E42896}"
EndProject
Project("{FAE04EC0-301F-11D3-BF4B-00C04F79EFBC}") = "Tyuiu.KozhevnikovDG.Sprint6.Task6.V10.Lib", "Tyuiu.KozhevnikovDG.Sprint6.Task6.V10.Lib\Tyuiu.KozhevnikovDG.Sprint6.Task6.V10.Lib.csproj", "{B75B3E72-4EB8-41C6-A8AC-D6B79138A10A}"
EndProject
Project("{FAE04EC0-301F-11D3-BF4B-00C04F79EFBC}") = "Tyuiu.KozhevnikovDG.Sprint6.Task6.V10.Test", "Tyuiu.KozhevnikovDG.Sprint6.Task6.V10.Test\Tyuiu.KozhevnikovDG.Sprint6.Task6.V10.Test.csproj", "{592AEB67-CB23-4783-A18C-A2C1C3BDEBD7}"
EndProject
Project("{FAE04EC0-301F-11D3-BF4B-00C04F79EFBC}") = "Tyuiu.KozhevnikovDG.Sprint6.Task6.V10", "Tyuiu.KozhevnikovDG.Sprint6.Task6.V10\Tyuiu.KozhevnikovDG.Sprint6.Task6.V10.csproj", "{C7C5E4A4-9FE6-4D2E-86D4-BC3168AE8A79}"
EndProject
Project("{2150E333-8FDC-42A3-9474-1A3956D46DE8}") = "Task7", "Task7", "{61366826-4DFC-4D38-9E87-35BCD5D40566}"
EndProject
Project("{FAE04EC0-301F-11D3-BF4B-00C04F79EFBC}") = "Tyuiu.KozhevnikovDG.Sprint6.Task7.V25.Lib", "Tyuiu.KozhevnikovDG.Sprint6.Task7.V25.Lib\Tyuiu.KozhevnikovDG.Sprint6.Task7.V25.Lib.csproj", "{BF5E5376-FE76-4246-B52F-FC508424BEB7}"
EndProject
Project("{FAE04EC0-301F-11D3-BF4B-00C04F79EFBC}") = "Tyuiu.KozhevnikovDG.Sprint6.Task7.V25.Test", "Tyuiu.KozhevnikovDG.Sprint6.Task7.V25.Test\Tyuiu.KozhevnikovDG.Sprint6.Task7.V25.Test.csproj", "{333B3A9B-6099-42CE-83A4-C132CA91827A}"
EndProject
Project("{FAE04EC0-301F-11D3-BF4B-00C04F79EFBC}") = "Tyuiu.KozhevnikovDG.Sprint6.Task7.V25", "Tyuiu.KozhevnikovDG.Sprint6.Task7.V25\Tyuiu.KozhevnikovDG.Sprint6.Task7.V25.csproj", "{6398C58F-A115-494F-9163-B2A13F87BED7}"
EndProject
Global
	GlobalSection(SolutionConfigurationPlatforms) = preSolution
		Debug|Any CPU = Debug|Any CPU
		Release|Any CPU = Release|Any CPU
	EndGlobalSection
	GlobalSection(ProjectConfigurationPlatforms) = postSolution
		{3EE50E2C-5465-4DDD-B4D2-5DDCB2130A7E}.Debug|Any CPU.ActiveCfg = Debug|Any CPU
		{3EE50E2C-5465-4DDD-B4D2-5DDCB2130A7E}.Debug|Any CPU.Build.0 = Debug|Any CPU
		{3EE50E2C-5465-4DDD-B4D2-5DDCB2130A7E}.Release|Any CPU.ActiveCfg = Release|Any CPU
		{3EE50E2C-5465-4DDD-B4D2-5DDCB2130A7E}.Release|Any CPU.Build.0 = Release|Any CPU
		{78A97855-A240-42F6-9CF8-EF19218FDDAC}.Debug|Any CPU.ActiveCfg = Debug|Any CPU
		{78A97855-A240-42F6-9CF8-EF19218FDDAC}.Debug|Any CPU.Build.0 = Debug|Any CPU
		{78A97855-A240-42F6-9CF8-EF19218FDDAC}.Release|Any CPU.ActiveCfg = Release|Any CPU
		{78A97855-A240-42F6-9CF8-EF19218FDDAC}.Release|Any CPU.Build.0 = Release|Any CPU
		{12B8CE83-A645-4B17-83F9-8B4E4494ACE3}.Debug|Any CPU.ActiveCfg = Debug|Any CPU
		{12B8CE83-A645-4B17-83F9-8B4E4494ACE3}.Debug|Any CPU.Build.0 = Debug|Any CPU
		{12B8CE83-A645-4B17-83F9-8B4E4494ACE3}.Release|Any CPU.ActiveCfg = Release|Any CPU
		{12B8CE83-A645-4B17-83F9-8B4E4494ACE3}.Release|Any CPU.Build.0 = Release|Any CPU
		{0542A2AE-EC1B-44F1-8608-037A87AB5EA6}.Debug|Any CPU.ActiveCfg = Debug|Any CPU
		{0542A2AE-EC1B-44F1-8608-037A87AB5EA6}.Debug|Any CPU.Build.0 = Debug|Any CPU
		{0542A2AE-EC1B-44F1-8608-037A87AB5EA6}.Release|Any CPU.ActiveCfg = Release|Any CPU
		{0542A2AE-EC1B-44F1-8608-037A87AB5EA6}.Release|Any CPU.Build.0 = Release|Any CPU
		{F68BD5E2-17E0-4CE1-9F94-1C5D0FED7314}.Debug|Any CPU.ActiveCfg = Debug|Any CPU
		{F68BD5E2-17E0-4CE1-9F94-1C5D0FED7314}.Debug|Any CPU.Build.0 = Debug|Any CPU
		{F68BD5E2-17E0-4CE1-9F94-1C5D0FED7314}.Release|Any CPU.ActiveCfg = Release|Any CPU
		{F68BD5E2-17E0-4CE1-9F94-1C5D0FED7314}.Release|Any CPU.Build.0 = Release|Any CPU
		{0E8A3C2C-A2B4-4037-B67A-AF4BE23588A7}.Debug|Any CPU.ActiveCfg = Debug|Any CPU
		{0E8A3C2C-A2B4-4037-B67A-AF4BE23588A7}.Debug|Any CPU.Build.0 = Debug|Any CPU
		{0E8A3C2C-A2B4-4037-B67A-AF4BE23588A7}.Release|Any CPU.ActiveCfg = Release|Any CPU
		{0E8A3C2C-A2B4-4037-B67A-AF4BE23588A7}.Release|Any CPU.Build.0 = Release|Any CPU
		{CE1031C4-0AD3-4AAA-AF7C-83EA95D2F0F4}.Debug|Any CPU.ActiveCfg = Debug|Any CPU
		{CE1031C4-0AD3-4AAA-AF7C-83EA95D2F0F4}.Debug|Any CPU.Build.0 = Debug|Any CPU
		{CE1031C4-0AD3-4AAA-AF7C-83EA95D2F0F4}.Release|Any CPU.ActiveCfg = Release|Any CPU
		{CE1031C4-0AD3-4AAA-AF7C-83EA95D2F0F4}.Release|Any CPU.Build.0 = Release|Any CPU
		{A8565A84-A500-4739-B908-A1CDD44065AB}.Debug|Any CPU.ActiveCfg = Debug|Any CPU
		{A8565A84-A500-4739-B908-A1CDD44065AB}.Debug|Any CPU.Build.0 = Debug|Any CPU
		{A8565A84-A500-4739-B908-A1CDD44065AB}.Release|Any CPU.ActiveCfg = Release|Any CPU
		{A8565A84-A500-4739-B908-A1CDD44065AB}.Release|Any CPU.Build.0 = Release|Any CPU
		{69683A6C-FA61-4E21-B6C2-E39212484F6B}.Debug|Any CPU.ActiveCfg = Debug|Any CPU
		{69683A6C-FA61-4E21-B6C2-E39212484F6B}.Debug|Any CPU.Build.0 = Debug|Any CPU
		{69683A6C-FA61-4E21-B6C2-E39212484F6B}.Release|Any CPU.ActiveCfg = Release|Any CPU
		{69683A6C-FA61-4E21-B6C2-E39212484F6B}.Release|Any CPU.Build.0 = Release|Any CPU
		{94D98A6C-7576-4372-8A7B-043CC89BA092}.Debug|Any CPU.ActiveCfg = Debug|Any CPU
		{94D98A6C-7576-4372-8A7B-043CC89BA092}.Debug|Any CPU.Build.0 = Debug|Any CPU
		{94D98A6C-7576-4372-8A7B-043CC89BA092}.Release|Any CPU.ActiveCfg = Release|Any CPU
		{94D98A6C-7576-4372-8A7B-043CC89BA092}.Release|Any CPU.Build.0 = Release|Any CPU
		{56CCB45B-2DAE-454D-993C-D2C5DF41122B}.Debug|Any CPU.ActiveCfg = Debug|Any CPU
		{56CCB45B-2DAE-454D-993C-D2C5DF41122B}.Debug|Any CPU.Build.0 = Debug|Any CPU
		{56CCB45B-2DAE-454D-993C-D2C5DF41122B}.Release|Any CPU.ActiveCfg = Release|Any CPU
		{56CCB45B-2DAE-454D-993C-D2C5DF41122B}.Release|Any CPU.Build.0 = Release|Any CPU
		{BDBB92F5-CF28-4D19-81F5-79CABDB97AB8}.Debug|Any CPU.ActiveCfg = Debug|Any CPU
		{BDBB92F5-CF28-4D19-81F5-79CABDB97AB8}.Debug|Any CPU.Build.0 = Debug|Any CPU
		{BDBB92F5-CF28-4D19-81F5-79CABDB97AB8}.Release|Any CPU.ActiveCfg = Release|Any CPU
		{BDBB92F5-CF28-4D19-81F5-79CABDB97AB8}.Release|Any CPU.Build.0 = Release|Any CPU
		{20000562-B2A6-48EE-9B14-540BE22313CE}.Debug|Any CPU.ActiveCfg = Debug|Any CPU
		{20000562-B2A6-48EE-9B14-540BE22313CE}.Debug|Any CPU.Build.0 = Debug|Any CPU
		{20000562-B2A6-48EE-9B14-540BE22313CE}.Release|Any CPU.ActiveCfg = Release|Any CPU
		{20000562-B2A6-48EE-9B14-540BE22313CE}.Release|Any CPU.Build.0 = Release|Any CPU
		{5B4771A0-A587-408A-AB32-0092C73BCBB5}.Debug|Any CPU.ActiveCfg = Debug|Any CPU
		{5B4771A0-A587-408A-AB32-0092C73BCBB5}.Debug|Any CPU.Build.0 = Debug|Any CPU
		{5B4771A0-A587-408A-AB32-0092C73BCBB5}.Release|Any CPU.ActiveCfg = Release|Any CPU
		{5B4771A0-A587-408A-AB32-0092C73BCBB5}.Release|Any CPU.Build.0 = Release|Any CPU
		{2BBC46CE-9953-4AB9-995D-259A58D9C46A}.Debug|Any CPU.ActiveCfg = Debug|Any CPU
		{2BBC46CE-9953-4AB9-995D-259A58D9C46A}.Debug|Any CPU.Build.0 = Debug|Any CPU
		{2BBC46CE-9953-4AB9-995D-259A58D9C46A}.Release|Any CPU.ActiveCfg = Release|Any CPU
		{2BBC46CE-9953-4AB9-995D-259A58D9C46A}.Release|Any CPU.Build.0 = Release|Any CPU
		{24EFEC06-FE4D-4D3E-83B7-B0CAA80EB03A}.Debug|Any CPU.ActiveCfg = Debug|Any CPU
		{24EFEC06-FE4D-4D3E-83B7-B0CAA80EB03A}.Debug|Any CPU.Build.0 = Debug|Any CPU
		{24EFEC06-FE4D-4D3E-83B7-B0CAA80EB03A}.Release|Any CPU.ActiveCfg = Release|Any CPU
		{24EFEC06-FE4D-4D3E-83B7-B0CAA80EB03A}.Release|Any CPU.Build.0 = Release|Any CPU
		{2DFE3111-08A3-4954-8B75-86B04FCF851C}.Debug|Any CPU.ActiveCfg = Debug|Any CPU
		{2DFE3111-08A3-4954-8B75-86B04FCF851C}.Debug|Any CPU.Build.0 = Debug|Any CPU
		{2DFE3111-08A3-4954-8B75-86B04FCF851C}.Release|Any CPU.ActiveCfg = Release|Any CPU
		{2DFE3111-08A3-4954-8B75-86B04FCF851C}.Release|Any CPU.Build.0 = Release|Any CPU
		{79DFBC6D-7154-4C3B-BD4A-CE46EB00C3AD}.Debug|Any CPU.ActiveCfg = Debug|Any CPU
		{79DFBC6D-7154-4C3B-BD4A-CE46EB00C3AD}.Debug|Any CPU.Build.0 = Debug|Any CPU
		{79DFBC6D-7154-4C3B-BD4A-CE46EB00C3AD}.Release|Any CPU.ActiveCfg = Release|Any CPU
		{79DFBC6D-7154-4C3B-BD4A-CE46EB00C3AD}.Release|Any CPU.Build.0 = Release|Any CPU
		{B75B3E72-4EB8-41C6-A8AC-D6B79138A10A}.Debug|Any CPU.ActiveCfg = Debug|Any CPU
		{B75B3E72-4EB8-41C6-A8AC-D6B79138A10A}.Debug|Any CPU.Build.0 = Debug|Any CPU
		{B75B3E72-4EB8-41C6-A8AC-D6B79138A10A}.Release|Any CPU.ActiveCfg = Release|Any CPU
		{B75B3E72-4EB8-41C6-A8AC-D6B79138A10A}.Release|Any CPU.Build.0 = Release|Any CPU
		{592AEB67-CB23-4783-A18C-A2C1C3BDEBD7}.Debug|Any CPU.ActiveCfg = Debug|Any CPU
		{592AEB67-CB23-4783-A18C-A2C1C3BDEBD7}.Debug|Any CPU.Build.0 = Debug|Any CPU
		{592AEB67-CB23-4783-A18C-A2C1C3BDEBD7}.Release|Any CPU.ActiveCfg = Release|Any CPU
		{592AEB67-CB23-4783-A18C-A2C1C3BDEBD7}.Release|Any CPU.Build.0 = Release|Any CPU
		{C7C5E4A4-9FE6-4D2E-86D4-BC3168AE8A79}.Debug|Any CPU.ActiveCfg = Debug|Any CPU
		{C7C5E4A4-9FE6-4D2E-86D4-BC3168AE8A79}.Debug|Any CPU.Build.0 = Debug|Any CPU
		{C7C5E4A4-9FE6-4D2E-86D4-BC3168AE8A79}.Release|Any CPU.ActiveCfg = Release|Any CPU
		{C7C5E4A4-9FE6-4D2E-86D4-BC3168AE8A79}.Release|Any CPU.Build.0 = Release|Any CPU
		{BF5E5376-FE76-4246-B52F-FC508424BEB7}.Debug|Any CPU.ActiveCfg = Debug|Any CPU
		{BF5E5376-FE76-4246-B52F-FC508424BEB7}.Debug|Any CPU.Build.0 = Debug|Any CPU
		{BF5E5376-FE76-4246-B52F-FC508424BEB7}.Release|Any CPU.ActiveCfg = Release|Any CPU
		{BF5E5376-FE76-4246-B52F-FC508424BEB7}.Release|Any CPU.Build.0 = Release|Any CPU
		{333B3A9B-6099-42CE-83A4-C132CA91827A}.Debug|Any CPU.ActiveCfg = Debug|Any CPU
		{333B3A9B-6099-42CE-83A4-C132CA91827A}.Debug|Any CPU.Build.0 = Debug|Any CPU
		{333B3A9B-6099-42CE-83A4-C132CA91827A}.Release|Any CPU.ActiveCfg = Release|Any CPU
		{333B3A9B-6099-42CE-83A4-C132CA91827A}.Release|Any CPU.Build.0 = Release|Any CPU
		{6398C58F-A115-494F-9163-B2A13F87BED7}.Debug|Any CPU.ActiveCfg = Debug|Any CPU
		{6398C58F-A115-494F-9163-B2A13F87BED7}.Debug|Any CPU.Build.0 = Debug|Any CPU
		{6398C58F-A115-494F-9163-B2A13F87BED7}.Release|Any CPU.ActiveCfg = Release|Any CPU
		{6398C58F-A115-494F-9163-B2A13F87BED7}.Release|Any CPU.Build.0 = Release|Any CPU
	EndGlobalSection
	GlobalSection(SolutionProperties) = preSolution
		HideSolutionNode = FALSE
	EndGlobalSection
	GlobalSection(NestedProjects) = preSolution
		{3EE50E2C-5465-4DDD-B4D2-5DDCB2130A7E} = {474EB65E-4F27-45F2-AB96-C46CD54CA4B2}
		{78A97855-A240-42F6-9CF8-EF19218FDDAC} = {474EB65E-4F27-45F2-AB96-C46CD54CA4B2}
		{12B8CE83-A645-4B17-83F9-8B4E4494ACE3} = {474EB65E-4F27-45F2-AB96-C46CD54CA4B2}
		{0542A2AE-EC1B-44F1-8608-037A87AB5EA6} = {81F3D26C-971B-413A-BD98-D2634929FEC0}
		{F68BD5E2-17E0-4CE1-9F94-1C5D0FED7314} = {81F3D26C-971B-413A-BD98-D2634929FEC0}
		{0E8A3C2C-A2B4-4037-B67A-AF4BE23588A7} = {81F3D26C-971B-413A-BD98-D2634929FEC0}
		{CE1031C4-0AD3-4AAA-AF7C-83EA95D2F0F4} = {76A95206-E4C6-449C-8285-7CEC5514AF74}
		{A8565A84-A500-4739-B908-A1CDD44065AB} = {76A95206-E4C6-449C-8285-7CEC5514AF74}
		{69683A6C-FA61-4E21-B6C2-E39212484F6B} = {76A95206-E4C6-449C-8285-7CEC5514AF74}
		{94D98A6C-7576-4372-8A7B-043CC89BA092} = {E7E513C9-8D19-4EC9-B46C-A2346AAC9F9D}
		{56CCB45B-2DAE-454D-993C-D2C5DF41122B} = {E7E513C9-8D19-4EC9-B46C-A2346AAC9F9D}
		{BDBB92F5-CF28-4D19-81F5-79CABDB97AB8} = {E7E513C9-8D19-4EC9-B46C-A2346AAC9F9D}
		{20000562-B2A6-48EE-9B14-540BE22313CE} = {C3211C58-B27C-45C2-9051-0BBDE10B5076}
		{5B4771A0-A587-408A-AB32-0092C73BCBB5} = {C3211C58-B27C-45C2-9051-0BBDE10B5076}
		{2BBC46CE-9953-4AB9-995D-259A58D9C46A} = {C3211C58-B27C-45C2-9051-0BBDE10B5076}
		{24EFEC06-FE4D-4D3E-83B7-B0CAA80EB03A} = {6648E21C-51E6-47D6-92AD-190B568E7B65}
		{2DFE3111-08A3-4954-8B75-86B04FCF851C} = {6648E21C-51E6-47D6-92AD-190B568E7B65}
		{79DFBC6D-7154-4C3B-BD4A-CE46EB00C3AD} = {6648E21C-51E6-47D6-92AD-190B568E7B65}
		{B75B3E72-4EB8-41C6-A8AC-D6B79138A10A} = {2471F486-0213-4298-8941-2B9591E42896}
		{592AEB67-CB23-4783-A18C-A2C1C3BDEBD7} = {2471F486-0213-4298-8941-2B9591E42896}
		{C7C5E4A4-9FE6-4D2E-86D4-BC3168AE8A79} = {2471F486-0213-4298-8941-2B9591E42896}
		{BF5E5376-FE76-4246-B52F-FC508424BEB7} = {61366826-4DFC-4D38-9E87-35BCD5D40566}
		{333B3A9B-6099-42CE-83A4-C132CA91827A} = {61366826-4DFC-4D38-9E87-35BCD5D40566}
		{6398C58F-A115-494F-9163-B2A13F87BED7} = {61366826-4DFC-4D38-9E87-35BCD5D40566}
	EndGlobalSection
	GlobalSection(ExtensibilityGlobals) = postSolution
		SolutionGuid = {7989C6A1-17E2-4C8C-9434-D6D367A5971B}
	EndGlobalSection
EndGlobal
